
Microsoft Visual Studio Solution File, Format Version 12.00
# Visual Studio Version 17
VisualStudioVersion = 17.5.002.0
MinimumVisualStudioVersion = 10.0.40219.1
Project("{9A19103F-16F7-4668-BE54-9A1E7A4F7556}") = "SupportBank", "SupportBank.csproj", "{73C2A8F5-1188-4ACA-A365-A59AB24A0373}"
EndProject
Global
	GlobalSection(SolutionConfigurationPlatforms) = preSolution
		Debug|Any CPU = Debug|Any CPU
		Release|Any CPU = Release|Any CPU
	EndGlobalSection
	GlobalSection(ProjectConfigurationPlatforms) = postSolution
		{73C2A8F5-1188-4ACA-A365-A59AB24A0373}.Debug|Any CPU.ActiveCfg = Debug|Any CPU
		{73C2A8F5-1188-4ACA-A365-A59AB24A0373}.Debug|Any CPU.Build.0 = Debug|Any CPU
		{73C2A8F5-1188-4ACA-A365-A59AB24A0373}.Release|Any CPU.ActiveCfg = Release|Any CPU
		{73C2A8F5-1188-4ACA-A365-A59AB24A0373}.Release|Any CPU.Build.0 = Release|Any CPU
	EndGlobalSection
	GlobalSection(SolutionProperties) = preSolution
		HideSolutionNode = FALSE
	EndGlobalSection
	GlobalSection(ExtensibilityGlobals) = postSolution
		SolutionGuid = {B97BD8D0-815A-410B-B618-E38D67AC4805}
	EndGlobalSection
EndGlobal
